// !$*UTF8*$!
{
	archiveVersion = 1;
	classes = {
	};
	objectVersion = 56;
	objects = {

/* Begin PBXBuildFile section */
		FA136DD029DA6D430076B620 /* MTLTextureExtensions.swift in Sources */ = {isa = PBXBuildFile; fileRef = FA136DCF29DA6D430076B620 /* MTLTextureExtensions.swift */; };
		FA136DD129DA6D430076B620 /* MTLTextureExtensions.swift in Sources */ = {isa = PBXBuildFile; fileRef = FA136DCF29DA6D430076B620 /* MTLTextureExtensions.swift */; };
		FA136DD329DA6E780076B620 /* MTLSizeExtensions.swift in Sources */ = {isa = PBXBuildFile; fileRef = FA136DD229DA6E780076B620 /* MTLSizeExtensions.swift */; };
		FA136DD429DA6E780076B620 /* MTLSizeExtensions.swift in Sources */ = {isa = PBXBuildFile; fileRef = FA136DD229DA6E780076B620 /* MTLSizeExtensions.swift */; };
		FA3C8D9129B30D6F0097A95D /* Voxel3DTexture.swift in Sources */ = {isa = PBXBuildFile; fileRef = FA3C8D9029B30D6F0097A95D /* Voxel3DTexture.swift */; };
		FA3C8DBC29B3120D0097A95D /* With in Frameworks */ = {isa = PBXBuildFile; productRef = FA3C8DBB29B3120D0097A95D /* With */; };
		FA65CD7729D652AE006F6391 /* monu7.vox in Resources */ = {isa = PBXBuildFile; fileRef = FA65CD7329D652AD006F6391 /* monu7.vox */; };
		FA65CD7829D652AE006F6391 /* chr_sword.vox in Resources */ = {isa = PBXBuildFile; fileRef = FA65CD7429D652AD006F6391 /* chr_sword.vox */; };
		FA65CD7929D652AE006F6391 /* master.Brownstone.NSide.vox in Resources */ = {isa = PBXBuildFile; fileRef = FA65CD7529D652AD006F6391 /* master.Brownstone.NSide.vox */; };
		FA65CD7A29D652AE006F6391 /* ParkSingle.Christmas2018.vox in Resources */ = {isa = PBXBuildFile; fileRef = FA65CD7629D652AD006F6391 /* ParkSingle.Christmas2018.vox */; };
		FA7780A929AEFA45005092B1 /* AppDelegate.swift in Sources */ = {isa = PBXBuildFile; fileRef = FA7780A829AEFA45005092B1 /* AppDelegate.swift */; };
		FA7780AB29AEFA45005092B1 /* GameViewController.swift in Sources */ = {isa = PBXBuildFile; fileRef = FA7780AA29AEFA45005092B1 /* GameViewController.swift */; };
		FA7780AD29AEFA45005092B1 /* Renderer.swift in Sources */ = {isa = PBXBuildFile; fileRef = FA7780AC29AEFA45005092B1 /* Renderer.swift */; };
		FA7780AF29AEFA45005092B1 /* Shaders.metal in Sources */ = {isa = PBXBuildFile; fileRef = FA7780AE29AEFA45005092B1 /* Shaders.metal */; };
		FA7780B229AEFA49005092B1 /* Assets.xcassets in Resources */ = {isa = PBXBuildFile; fileRef = FA7780B129AEFA49005092B1 /* Assets.xcassets */; };
		FA7780B529AEFA49005092B1 /* Main.storyboard in Resources */ = {isa = PBXBuildFile; fileRef = FA7780B329AEFA49005092B1 /* Main.storyboard */; };
		FA7C380229DA8BF000B83326 /* 1x1x1.vox in Resources */ = {isa = PBXBuildFile; fileRef = FA7C380129DA8BAB00B83326 /* 1x1x1.vox */; };
		FA7C380329DA8BF100B83326 /* 1x1x1.vox in Resources */ = {isa = PBXBuildFile; fileRef = FA7C380129DA8BAB00B83326 /* 1x1x1.vox */; };
		FA91755629DA9BC100B98AFF /* rgbw_cmyk.vox in Resources */ = {isa = PBXBuildFile; fileRef = FA91755529DA9BC100B98AFF /* rgbw_cmyk.vox */; };
		FA91755729DA9BC100B98AFF /* rgbw_cmyk.vox in Resources */ = {isa = PBXBuildFile; fileRef = FA91755529DA9BC100B98AFF /* rgbw_cmyk.vox */; };
		FAA6CED429D67C4900EECC6C /* AppDelegate.swift in Sources */ = {isa = PBXBuildFile; fileRef = FAA6CED329D67C4900EECC6C /* AppDelegate.swift */; };
		FAA6CED929D67C4900EECC6C /* GameViewController.swift in Sources */ = {isa = PBXBuildFile; fileRef = FAA6CED829D67C4900EECC6C /* GameViewController.swift */; };
		FAA6CEDE29D67C4900EECC6C /* Main.storyboard in Resources */ = {isa = PBXBuildFile; fileRef = FAA6CEDC29D67C4900EECC6C /* Main.storyboard */; };
		FAA6CEE329D67C4B00EECC6C /* LaunchScreen.storyboard in Resources */ = {isa = PBXBuildFile; fileRef = FAA6CEE129D67C4B00EECC6C /* LaunchScreen.storyboard */; };
		FAA6CEE829D67CD700EECC6C /* master.Brownstone.NSide.vox in Resources */ = {isa = PBXBuildFile; fileRef = FA65CD7529D652AD006F6391 /* master.Brownstone.NSide.vox */; };
		FAA6CEE929D67CD700EECC6C /* ParkSingle.Christmas2018.vox in Resources */ = {isa = PBXBuildFile; fileRef = FA65CD7629D652AD006F6391 /* ParkSingle.Christmas2018.vox */; };
		FAA6CEEA29D67CD700EECC6C /* monu7.vox in Resources */ = {isa = PBXBuildFile; fileRef = FA65CD7329D652AD006F6391 /* monu7.vox */; };
		FAA6CEEB29D67CD700EECC6C /* chr_sword.vox in Resources */ = {isa = PBXBuildFile; fileRef = FA65CD7429D652AD006F6391 /* chr_sword.vox */; };
		FAA6CEEC29D67CDA00EECC6C /* Renderer.swift in Sources */ = {isa = PBXBuildFile; fileRef = FA7780AC29AEFA45005092B1 /* Renderer.swift */; };
		FAA6CEED29D67CDC00EECC6C /* Shaders.metal in Sources */ = {isa = PBXBuildFile; fileRef = FA7780AE29AEFA45005092B1 /* Shaders.metal */; };
		FAA6CEEE29D67CE000EECC6C /* Assets.xcassets in Resources */ = {isa = PBXBuildFile; fileRef = FA7780B129AEFA49005092B1 /* Assets.xcassets */; };
		FAA6CEEF29D67CE300EECC6C /* Voxel3DTexture.swift in Sources */ = {isa = PBXBuildFile; fileRef = FA3C8D9029B30D6F0097A95D /* Voxel3DTexture.swift */; };
		FAA6CEF429D67EDF00EECC6C /* With in Frameworks */ = {isa = PBXBuildFile; productRef = FAA6CEF329D67EDF00EECC6C /* With */; };
		FAA6CF3B29D692B700EECC6C /* MDLVoxelAsset.framework in Frameworks */ = {isa = PBXBuildFile; fileRef = FAA6CF3A29D6921800EECC6C /* MDLVoxelAsset.framework */; };
		FAA6CF3C29D692B700EECC6C /* MDLVoxelAsset.framework in Embed Frameworks */ = {isa = PBXBuildFile; fileRef = FAA6CF3A29D6921800EECC6C /* MDLVoxelAsset.framework */; settings = {ATTRIBUTES = (CodeSignOnCopy, RemoveHeadersOnCopy, ); }; };
		FAA6CF3D29D692BC00EECC6C /* MDLVoxelAsset.framework in Frameworks */ = {isa = PBXBuildFile; fileRef = FAA6CF3A29D6921800EECC6C /* MDLVoxelAsset.framework */; };
		FAA6CF3E29D692BC00EECC6C /* MDLVoxelAsset.framework in Embed Frameworks */ = {isa = PBXBuildFile; fileRef = FAA6CF3A29D6921800EECC6C /* MDLVoxelAsset.framework */; settings = {ATTRIBUTES = (CodeSignOnCopy, RemoveHeadersOnCopy, ); }; };
/* End PBXBuildFile section */

/* Begin PBXContainerItemProxy section */
		FA3C8DA229B30EC50097A95D /* PBXContainerItemProxy */ = {
			isa = PBXContainerItemProxy;
			containerPortal = FA3C8D9429B30EC50097A95D /* MDLVoxelAsset.xcodeproj */;
			proxyType = 2;
			remoteGlobalIDString = FA26858C1CEA9A72003B86C8;
			remoteInfo = "MDLVoxelAssetTests (iOS)";
		};
		FA3C8DA429B30EC50097A95D /* PBXContainerItemProxy */ = {
			isa = PBXContainerItemProxy;
			containerPortal = FA3C8D9429B30EC50097A95D /* MDLVoxelAsset.xcodeproj */;
			proxyType = 2;
			remoteGlobalIDString = FA9CACD31CF17E0200B1ABA4;
			remoteInfo = "MDLVoxelAssetTests (OS X)";
		};
		FA3C8DA629B30EC50097A95D /* PBXContainerItemProxy */ = {
			isa = PBXContainerItemProxy;
			containerPortal = FA3C8D9429B30EC50097A95D /* MDLVoxelAsset.xcodeproj */;
			proxyType = 2;
			remoteGlobalIDString = FA0ADEE21CF00A270054DCAA;
			remoteInfo = "VoxViewer (iOS)";
		};
		FA3C8DA829B30EC50097A95D /* PBXContainerItemProxy */ = {
			isa = PBXContainerItemProxy;
			containerPortal = FA3C8D9429B30EC50097A95D /* MDLVoxelAsset.xcodeproj */;
			proxyType = 2;
			remoteGlobalIDString = FA9695001CF1725000DC632A;
			remoteInfo = "VoxViewer (OS X)";
		};
		FA3C8DAA29B30EC50097A95D /* PBXContainerItemProxy */ = {
			isa = PBXContainerItemProxy;
			containerPortal = FA3C8D9429B30EC50097A95D /* MDLVoxelAsset.xcodeproj */;
			proxyType = 2;
			remoteGlobalIDString = FAF7D4601E73E1B7007CFA66;
			remoteInfo = convertToJSON;
		};
		FAA6CF3929D6921800EECC6C /* PBXContainerItemProxy */ = {
			isa = PBXContainerItemProxy;
			containerPortal = FA3C8D9429B30EC50097A95D /* MDLVoxelAsset.xcodeproj */;
			proxyType = 2;
			remoteGlobalIDString = FAA6CF0829D690A700EECC6C;
			remoteInfo = MDLVoxelAsset;
		};
/* End PBXContainerItemProxy section */

/* Begin PBXCopyFilesBuildPhase section */
		FA3C8DB629B30EE90097A95D /* Embed Frameworks */ = {
			isa = PBXCopyFilesBuildPhase;
			buildActionMask = 2147483647;
			dstPath = "";
			dstSubfolderSpec = 10;
			files = (
				FAA6CF3E29D692BC00EECC6C /* MDLVoxelAsset.framework in Embed Frameworks */,
			);
			name = "Embed Frameworks";
			runOnlyForDeploymentPostprocessing = 0;
		};
		FAA6CEFD29D687C600EECC6C /* Embed Frameworks */ = {
			isa = PBXCopyFilesBuildPhase;
			buildActionMask = 2147483647;
			dstPath = "";
			dstSubfolderSpec = 10;
			files = (
				FAA6CF3C29D692B700EECC6C /* MDLVoxelAsset.framework in Embed Frameworks */,
			);
			name = "Embed Frameworks";
			runOnlyForDeploymentPostprocessing = 0;
		};
/* End PBXCopyFilesBuildPhase section */

/* Begin PBXFileReference section */
		FA136DCF29DA6D430076B620 /* MTLTextureExtensions.swift */ = {isa = PBXFileReference; lastKnownFileType = sourcecode.swift; path = MTLTextureExtensions.swift; sourceTree = "<group>"; };
		FA136DD229DA6E780076B620 /* MTLSizeExtensions.swift */ = {isa = PBXFileReference; lastKnownFileType = sourcecode.swift; path = MTLSizeExtensions.swift; sourceTree = "<group>"; };
		FA3C8D9029B30D6F0097A95D /* Voxel3DTexture.swift */ = {isa = PBXFileReference; lastKnownFileType = sourcecode.swift; path = Voxel3DTexture.swift; sourceTree = "<group>"; };
		FA3C8D9429B30EC50097A95D /* MDLVoxelAsset.xcodeproj */ = {isa = PBXFileReference; lastKnownFileType = "wrapper.pb-project"; name = MDLVoxelAsset.xcodeproj; path = ../MDLVoxelAsset/MDLVoxelAsset.xcodeproj; sourceTree = "<group>"; };
		FA65CD7329D652AD006F6391 /* monu7.vox */ = {isa = PBXFileReference; lastKnownFileType = file; path = monu7.vox; sourceTree = "<group>"; };
		FA65CD7429D652AD006F6391 /* chr_sword.vox */ = {isa = PBXFileReference; lastKnownFileType = file; path = chr_sword.vox; sourceTree = "<group>"; };
		FA65CD7529D652AD006F6391 /* master.Brownstone.NSide.vox */ = {isa = PBXFileReference; lastKnownFileType = file; path = master.Brownstone.NSide.vox; sourceTree = "<group>"; };
		FA65CD7629D652AD006F6391 /* ParkSingle.Christmas2018.vox */ = {isa = PBXFileReference; lastKnownFileType = file; path = ParkSingle.Christmas2018.vox; sourceTree = "<group>"; };
		FA7780A529AEFA45005092B1 /* MetalVoxelGeometryShader.app */ = {isa = PBXFileReference; explicitFileType = wrapper.application; includeInIndex = 0; path = MetalVoxelGeometryShader.app; sourceTree = BUILT_PRODUCTS_DIR; };
		FA7780A829AEFA45005092B1 /* AppDelegate.swift */ = {isa = PBXFileReference; lastKnownFileType = sourcecode.swift; path = AppDelegate.swift; sourceTree = "<group>"; };
		FA7780AA29AEFA45005092B1 /* GameViewController.swift */ = {isa = PBXFileReference; lastKnownFileType = sourcecode.swift; path = GameViewController.swift; sourceTree = "<group>"; };
		FA7780AC29AEFA45005092B1 /* Renderer.swift */ = {isa = PBXFileReference; lastKnownFileType = sourcecode.swift; path = Renderer.swift; sourceTree = "<group>"; };
		FA7780AE29AEFA45005092B1 /* Shaders.metal */ = {isa = PBXFileReference; lastKnownFileType = sourcecode.metal; path = Shaders.metal; sourceTree = "<group>"; };
		FA7780B029AEFA45005092B1 /* ShaderTypes.h */ = {isa = PBXFileReference; lastKnownFileType = sourcecode.c.h; path = ShaderTypes.h; sourceTree = "<group>"; };
		FA7780B129AEFA49005092B1 /* Assets.xcassets */ = {isa = PBXFileReference; lastKnownFileType = folder.assetcatalog; path = Assets.xcassets; sourceTree = "<group>"; };
		FA7780B429AEFA49005092B1 /* Base */ = {isa = PBXFileReference; lastKnownFileType = file.storyboard; name = Base; path = Base.lproj/Main.storyboard; sourceTree = "<group>"; };
		FA7780B629AEFA49005092B1 /* MetalVoxelGeometryShader.entitlements */ = {isa = PBXFileReference; lastKnownFileType = text.plist.entitlements; path = MetalVoxelGeometryShader.entitlements; sourceTree = "<group>"; };
		FA7C380129DA8BAB00B83326 /* 1x1x1.vox */ = {isa = PBXFileReference; lastKnownFileType = file; path = 1x1x1.vox; sourceTree = "<group>"; };
		FA91755529DA9BC100B98AFF /* rgbw_cmyk.vox */ = {isa = PBXFileReference; lastKnownFileType = file; path = rgbw_cmyk.vox; sourceTree = "<group>"; };
		FAA6CED129D67C4900EECC6C /* MetalVoxelGeometryShader.app */ = {isa = PBXFileReference; explicitFileType = wrapper.application; includeInIndex = 0; path = MetalVoxelGeometryShader.app; sourceTree = BUILT_PRODUCTS_DIR; };
		FAA6CED329D67C4900EECC6C /* AppDelegate.swift */ = {isa = PBXFileReference; lastKnownFileType = sourcecode.swift; path = AppDelegate.swift; sourceTree = "<group>"; };
		FAA6CED829D67C4900EECC6C /* GameViewController.swift */ = {isa = PBXFileReference; lastKnownFileType = sourcecode.swift; path = GameViewController.swift; sourceTree = "<group>"; };
		FAA6CEDD29D67C4900EECC6C /* Base */ = {isa = PBXFileReference; lastKnownFileType = file.storyboard; name = Base; path = Base.lproj/Main.storyboard; sourceTree = "<group>"; };
		FAA6CEE229D67C4B00EECC6C /* Base */ = {isa = PBXFileReference; lastKnownFileType = file.storyboard; name = Base; path = Base.lproj/LaunchScreen.storyboard; sourceTree = "<group>"; };
/* End PBXFileReference section */

/* Begin PBXFrameworksBuildPhase section */
		FA7780A229AEFA45005092B1 /* Frameworks */ = {
			isa = PBXFrameworksBuildPhase;
			buildActionMask = 2147483647;
			files = (
				FAA6CF3D29D692BC00EECC6C /* MDLVoxelAsset.framework in Frameworks */,
				FA3C8DBC29B3120D0097A95D /* With in Frameworks */,
			);
			runOnlyForDeploymentPostprocessing = 0;
		};
		FAA6CECE29D67C4900EECC6C /* Frameworks */ = {
			isa = PBXFrameworksBuildPhase;
			buildActionMask = 2147483647;
			files = (
				FAA6CF3B29D692B700EECC6C /* MDLVoxelAsset.framework in Frameworks */,
				FAA6CEF429D67EDF00EECC6C /* With in Frameworks */,
			);
			runOnlyForDeploymentPostprocessing = 0;
		};
/* End PBXFrameworksBuildPhase section */

/* Begin PBXGroup section */
		FA136DCE29DA6D280076B620 /* Extensions */ = {
			isa = PBXGroup;
			children = (
				FA136DCF29DA6D430076B620 /* MTLTextureExtensions.swift */,
				FA136DD229DA6E780076B620 /* MTLSizeExtensions.swift */,
			);
			path = Extensions;
			sourceTree = "<group>";
		};
		FA3C8D9229B30EAB0097A95D /* Frameworks */ = {
			isa = PBXGroup;
			children = (
				FA3C8D9429B30EC50097A95D /* MDLVoxelAsset.xcodeproj */,
			);
			name = Frameworks;
			sourceTree = "<group>";
		};
		FA3C8D9529B30EC50097A95D /* Products */ = {
			isa = PBXGroup;
			children = (
				FAA6CF3A29D6921800EECC6C /* MDLVoxelAsset.framework */,
				FA3C8DA329B30EC50097A95D /* MDLVoxelAssetTests.xctest */,
				FA3C8DA529B30EC50097A95D /* MDLVoxelAssetTests.xctest */,
				FA3C8DA729B30EC50097A95D /* VoxViewer.app */,
				FA3C8DA929B30EC50097A95D /* VoxViewer.app */,
				FA3C8DAB29B30EC50097A95D /* convertToJSON */,
			);
			name = Products;
			sourceTree = "<group>";
		};
		FA65CD7229D652AD006F6391 /* VoxModels */ = {
			isa = PBXGroup;
			children = (
				FA91755529DA9BC100B98AFF /* rgbw_cmyk.vox */,
				FA7C380129DA8BAB00B83326 /* 1x1x1.vox */,
				FA65CD7329D652AD006F6391 /* monu7.vox */,
				FA65CD7429D652AD006F6391 /* chr_sword.vox */,
				FA65CD7529D652AD006F6391 /* master.Brownstone.NSide.vox */,
				FA65CD7629D652AD006F6391 /* ParkSingle.Christmas2018.vox */,
			);
			path = VoxModels;
			sourceTree = "<group>";
		};
		FA77809C29AEFA45005092B1 = {
			isa = PBXGroup;
			children = (
				FA7780A729AEFA45005092B1 /* MetalVoxelGeometryShader */,
				FAA6CEE729D67C8900EECC6C /* MetalVoxelGeometryShader-macOS */,
				FAA6CED229D67C4900EECC6C /* MetalVoxelGeometryShader-iOS */,
				FA7780A629AEFA45005092B1 /* Products */,
				FA3C8D9229B30EAB0097A95D /* Frameworks */,
			);
			sourceTree = "<group>";
		};
		FA7780A629AEFA45005092B1 /* Products */ = {
			isa = PBXGroup;
			children = (
				FA7780A529AEFA45005092B1 /* MetalVoxelGeometryShader.app */,
				FAA6CED129D67C4900EECC6C /* MetalVoxelGeometryShader.app */,
			);
			name = Products;
			sourceTree = "<group>";
		};
		FA7780A729AEFA45005092B1 /* MetalVoxelGeometryShader */ = {
			isa = PBXGroup;
			children = (
				FA136DCE29DA6D280076B620 /* Extensions */,
				FA65CD7229D652AD006F6391 /* VoxModels */,
				FA7780AC29AEFA45005092B1 /* Renderer.swift */,
				FA7780AE29AEFA45005092B1 /* Shaders.metal */,
				FA7780B029AEFA45005092B1 /* ShaderTypes.h */,
				FA7780B129AEFA49005092B1 /* Assets.xcassets */,
				FA3C8D9029B30D6F0097A95D /* Voxel3DTexture.swift */,
			);
			path = MetalVoxelGeometryShader;
			sourceTree = "<group>";
		};
		FAA6CED229D67C4900EECC6C /* MetalVoxelGeometryShader-iOS */ = {
			isa = PBXGroup;
			children = (
				FAA6CED329D67C4900EECC6C /* AppDelegate.swift */,
				FAA6CED829D67C4900EECC6C /* GameViewController.swift */,
				FAA6CEDC29D67C4900EECC6C /* Main.storyboard */,
				FAA6CEE129D67C4B00EECC6C /* LaunchScreen.storyboard */,
			);
			path = "MetalVoxelGeometryShader-iOS";
			sourceTree = "<group>";
		};
		FAA6CEE729D67C8900EECC6C /* MetalVoxelGeometryShader-macOS */ = {
			isa = PBXGroup;
			children = (
				FA7780A829AEFA45005092B1 /* AppDelegate.swift */,
				FA7780AA29AEFA45005092B1 /* GameViewController.swift */,
				FA7780B329AEFA49005092B1 /* Main.storyboard */,
				FA7780B629AEFA49005092B1 /* MetalVoxelGeometryShader.entitlements */,
			);
			path = "MetalVoxelGeometryShader-macOS";
			sourceTree = "<group>";
		};
/* End PBXGroup section */

/* Begin PBXNativeTarget section */
		FA7780A429AEFA45005092B1 /* MetalVoxelGeometryShader (macOS) */ = {
			isa = PBXNativeTarget;
			buildConfigurationList = FA7780B929AEFA49005092B1 /* Build configuration list for PBXNativeTarget "MetalVoxelGeometryShader (macOS)" */;
			buildPhases = (
				FA7780A129AEFA45005092B1 /* Sources */,
				FA7780A229AEFA45005092B1 /* Frameworks */,
				FA7780A329AEFA45005092B1 /* Resources */,
				FA3C8DB629B30EE90097A95D /* Embed Frameworks */,
			);
			buildRules = (
			);
			dependencies = (
			);
			name = "MetalVoxelGeometryShader (macOS)";
			packageProductDependencies = (
				FA3C8DBB29B3120D0097A95D /* With */,
			);
			productName = MetalVoxelGeometryShader;
			productReference = FA7780A529AEFA45005092B1 /* MetalVoxelGeometryShader.app */;
			productType = "com.apple.product-type.application";
		};
		FAA6CED029D67C4900EECC6C /* MetalVoxelGeometryShader (iOS) */ = {
			isa = PBXNativeTarget;
			buildConfigurationList = FAA6CEE429D67C4B00EECC6C /* Build configuration list for PBXNativeTarget "MetalVoxelGeometryShader (iOS)" */;
			buildPhases = (
				FAA6CECD29D67C4900EECC6C /* Sources */,
				FAA6CECE29D67C4900EECC6C /* Frameworks */,
				FAA6CECF29D67C4900EECC6C /* Resources */,
				FAA6CEFD29D687C600EECC6C /* Embed Frameworks */,
			);
			buildRules = (
			);
			dependencies = (
			);
			name = "MetalVoxelGeometryShader (iOS)";
			packageProductDependencies = (
				FAA6CEF329D67EDF00EECC6C /* With */,
			);
			productName = "MetalVoxelGeometryShader-iOS";
			productReference = FAA6CED129D67C4900EECC6C /* MetalVoxelGeometryShader.app */;
			productType = "com.apple.product-type.application";
		};
/* End PBXNativeTarget section */

/* Begin PBXProject section */
		FA77809D29AEFA45005092B1 /* Project object */ = {
			isa = PBXProject;
			attributes = {
				BuildIndependentTargetsInParallel = 1;
				LastSwiftUpdateCheck = 1420;
				LastUpgradeCheck = 1420;
				TargetAttributes = {
					FA7780A429AEFA45005092B1 = {
						CreatedOnToolsVersion = 14.2;
					};
					FAA6CED029D67C4900EECC6C = {
						CreatedOnToolsVersion = 14.2;
					};
				};
			};
			buildConfigurationList = FA7780A029AEFA45005092B1 /* Build configuration list for PBXProject "MetalVoxelGeometryShader" */;
			compatibilityVersion = "Xcode 14.0";
			developmentRegion = en;
			hasScannedForEncodings = 0;
			knownRegions = (
				en,
				Base,
			);
			mainGroup = FA77809C29AEFA45005092B1;
			packageReferences = (
				FA3C8DBA29B3120D0097A95D /* XCRemoteSwiftPackageReference "With" */,
			);
			productRefGroup = FA7780A629AEFA45005092B1 /* Products */;
			projectDirPath = "";
			projectReferences = (
				{
					ProductGroup = FA3C8D9529B30EC50097A95D /* Products */;
					ProjectRef = FA3C8D9429B30EC50097A95D /* MDLVoxelAsset.xcodeproj */;
				},
			);
			projectRoot = "";
			targets = (
				FA7780A429AEFA45005092B1 /* MetalVoxelGeometryShader (macOS) */,
				FAA6CED029D67C4900EECC6C /* MetalVoxelGeometryShader (iOS) */,
			);
		};
/* End PBXProject section */

/* Begin PBXReferenceProxy section */
		FA3C8DA329B30EC50097A95D /* MDLVoxelAssetTests.xctest */ = {
			isa = PBXReferenceProxy;
			fileType = wrapper.cfbundle;
			path = MDLVoxelAssetTests.xctest;
			remoteRef = FA3C8DA229B30EC50097A95D /* PBXContainerItemProxy */;
			sourceTree = BUILT_PRODUCTS_DIR;
		};
		FA3C8DA529B30EC50097A95D /* MDLVoxelAssetTests.xctest */ = {
			isa = PBXReferenceProxy;
			fileType = wrapper.cfbundle;
			path = MDLVoxelAssetTests.xctest;
			remoteRef = FA3C8DA429B30EC50097A95D /* PBXContainerItemProxy */;
			sourceTree = BUILT_PRODUCTS_DIR;
		};
		FA3C8DA729B30EC50097A95D /* VoxViewer.app */ = {
			isa = PBXReferenceProxy;
			fileType = wrapper.application;
			path = VoxViewer.app;
			remoteRef = FA3C8DA629B30EC50097A95D /* PBXContainerItemProxy */;
			sourceTree = BUILT_PRODUCTS_DIR;
		};
		FA3C8DA929B30EC50097A95D /* VoxViewer.app */ = {
			isa = PBXReferenceProxy;
			fileType = wrapper.application;
			path = VoxViewer.app;
			remoteRef = FA3C8DA829B30EC50097A95D /* PBXContainerItemProxy */;
			sourceTree = BUILT_PRODUCTS_DIR;
		};
		FA3C8DAB29B30EC50097A95D /* convertToJSON */ = {
			isa = PBXReferenceProxy;
			fileType = "compiled.mach-o.executable";
			path = convertToJSON;
			remoteRef = FA3C8DAA29B30EC50097A95D /* PBXContainerItemProxy */;
			sourceTree = BUILT_PRODUCTS_DIR;
		};
		FAA6CF3A29D6921800EECC6C /* MDLVoxelAsset.framework */ = {
			isa = PBXReferenceProxy;
			fileType = wrapper.framework;
			path = MDLVoxelAsset.framework;
			remoteRef = FAA6CF3929D6921800EECC6C /* PBXContainerItemProxy */;
			sourceTree = BUILT_PRODUCTS_DIR;
		};
/* End PBXReferenceProxy section */

/* Begin PBXResourcesBuildPhase section */
		FA7780A329AEFA45005092B1 /* Resources */ = {
			isa = PBXResourcesBuildPhase;
			buildActionMask = 2147483647;
			files = (
				FA65CD7A29D652AE006F6391 /* ParkSingle.Christmas2018.vox in Resources */,
				FA65CD7929D652AE006F6391 /* master.Brownstone.NSide.vox in Resources */,
				FA7C380229DA8BF000B83326 /* 1x1x1.vox in Resources */,
				FA7780B229AEFA49005092B1 /* Assets.xcassets in Resources */,
				FA7780B529AEFA49005092B1 /* Main.storyboard in Resources */,
				FA91755629DA9BC100B98AFF /* rgbw_cmyk.vox in Resources */,
				FA65CD7729D652AE006F6391 /* monu7.vox in Resources */,
				FA65CD7829D652AE006F6391 /* chr_sword.vox in Resources */,
			);
			runOnlyForDeploymentPostprocessing = 0;
		};
		FAA6CECF29D67C4900EECC6C /* Resources */ = {
			isa = PBXResourcesBuildPhase;
			buildActionMask = 2147483647;
			files = (
				FAA6CEE829D67CD700EECC6C /* master.Brownstone.NSide.vox in Resources */,
				FAA6CEE329D67C4B00EECC6C /* LaunchScreen.storyboard in Resources */,
				FAA6CEEA29D67CD700EECC6C /* monu7.vox in Resources */,
				FAA6CEEB29D67CD700EECC6C /* chr_sword.vox in Resources */,
				FAA6CEEE29D67CE000EECC6C /* Assets.xcassets in Resources */,
				FAA6CEE929D67CD700EECC6C /* ParkSingle.Christmas2018.vox in Resources */,
				FAA6CEDE29D67C4900EECC6C /* Main.storyboard in Resources */,
				FA91755729DA9BC100B98AFF /* rgbw_cmyk.vox in Resources */,
				FA7C380329DA8BF100B83326 /* 1x1x1.vox in Resources */,
			);
			runOnlyForDeploymentPostprocessing = 0;
		};
/* End PBXResourcesBuildPhase section */

/* Begin PBXSourcesBuildPhase section */
		FA7780A129AEFA45005092B1 /* Sources */ = {
			isa = PBXSourcesBuildPhase;
			buildActionMask = 2147483647;
			files = (
				FA3C8D9129B30D6F0097A95D /* Voxel3DTexture.swift in Sources */,
				FA7780AF29AEFA45005092B1 /* Shaders.metal in Sources */,
				FA7780AB29AEFA45005092B1 /* GameViewController.swift in Sources */,
				FA136DD329DA6E780076B620 /* MTLSizeExtensions.swift in Sources */,
				FA7780AD29AEFA45005092B1 /* Renderer.swift in Sources */,
				FA7780A929AEFA45005092B1 /* AppDelegate.swift in Sources */,
				FA136DD029DA6D430076B620 /* MTLTextureExtensions.swift in Sources */,
			);
			runOnlyForDeploymentPostprocessing = 0;
		};
		FAA6CECD29D67C4900EECC6C /* Sources */ = {
			isa = PBXSourcesBuildPhase;
			buildActionMask = 2147483647;
			files = (
				FAA6CEEF29D67CE300EECC6C /* Voxel3DTexture.swift in Sources */,
				FAA6CEED29D67CDC00EECC6C /* Shaders.metal in Sources */,
				FAA6CED929D67C4900EECC6C /* GameViewController.swift in Sources */,
				FA136DD429DA6E780076B620 /* MTLSizeExtensions.swift in Sources */,
				FAA6CEEC29D67CDA00EECC6C /* Renderer.swift in Sources */,
				FAA6CED429D67C4900EECC6C /* AppDelegate.swift in Sources */,
				FA136DD129DA6D430076B620 /* MTLTextureExtensions.swift in Sources */,
			);
			runOnlyForDeploymentPostprocessing = 0;
		};
/* End PBXSourcesBuildPhase section */

/* Begin PBXVariantGroup section */
		FA7780B329AEFA49005092B1 /* Main.storyboard */ = {
			isa = PBXVariantGroup;
			children = (
				FA7780B429AEFA49005092B1 /* Base */,
			);
			name = Main.storyboard;
			sourceTree = "<group>";
		};
		FAA6CEDC29D67C4900EECC6C /* Main.storyboard */ = {
			isa = PBXVariantGroup;
			children = (
				FAA6CEDD29D67C4900EECC6C /* Base */,
			);
			name = Main.storyboard;
			sourceTree = "<group>";
		};
		FAA6CEE129D67C4B00EECC6C /* LaunchScreen.storyboard */ = {
			isa = PBXVariantGroup;
			children = (
				FAA6CEE229D67C4B00EECC6C /* Base */,
			);
			name = LaunchScreen.storyboard;
			sourceTree = "<group>";
		};
/* End PBXVariantGroup section */

/* Begin XCBuildConfiguration section */
		FA7780B729AEFA49005092B1 /* Debug */ = {
			isa = XCBuildConfiguration;
			buildSettings = {
				ALWAYS_SEARCH_USER_PATHS = NO;
				CLANG_ANALYZER_NONNULL = YES;
				CLANG_ANALYZER_NUMBER_OBJECT_CONVERSION = YES_AGGRESSIVE;
				CLANG_CXX_LANGUAGE_STANDARD = "gnu++20";
				CLANG_ENABLE_MODULES = YES;
				CLANG_ENABLE_OBJC_ARC = YES;
				CLANG_ENABLE_OBJC_WEAK = YES;
				CLANG_WARN_BLOCK_CAPTURE_AUTORELEASING = YES;
				CLANG_WARN_BOOL_CONVERSION = YES;
				CLANG_WARN_COMMA = YES;
				CLANG_WARN_CONSTANT_CONVERSION = YES;
				CLANG_WARN_DEPRECATED_OBJC_IMPLEMENTATIONS = YES;
				CLANG_WARN_DIRECT_OBJC_ISA_USAGE = YES_ERROR;
				CLANG_WARN_DOCUMENTATION_COMMENTS = YES;
				CLANG_WARN_EMPTY_BODY = YES;
				CLANG_WARN_ENUM_CONVERSION = YES;
				CLANG_WARN_INFINITE_RECURSION = YES;
				CLANG_WARN_INT_CONVERSION = YES;
				CLANG_WARN_NON_LITERAL_NULL_CONVERSION = YES;
				CLANG_WARN_OBJC_IMPLICIT_RETAIN_SELF = YES;
				CLANG_WARN_OBJC_LITERAL_CONVERSION = YES;
				CLANG_WARN_OBJC_ROOT_CLASS = YES_ERROR;
				CLANG_WARN_QUOTED_INCLUDE_IN_FRAMEWORK_HEADER = YES;
				CLANG_WARN_RANGE_LOOP_ANALYSIS = YES;
				CLANG_WARN_STRICT_PROTOTYPES = YES;
				CLANG_WARN_SUSPICIOUS_MOVE = YES;
				CLANG_WARN_UNGUARDED_AVAILABILITY = YES_AGGRESSIVE;
				CLANG_WARN_UNREACHABLE_CODE = YES;
				CLANG_WARN__DUPLICATE_METHOD_MATCH = YES;
				COPY_PHASE_STRIP = NO;
				DEBUG_INFORMATION_FORMAT = dwarf;
				ENABLE_STRICT_OBJC_MSGSEND = YES;
				ENABLE_TESTABILITY = YES;
				GCC_C_LANGUAGE_STANDARD = gnu11;
				GCC_DYNAMIC_NO_PIC = NO;
				GCC_NO_COMMON_BLOCKS = YES;
				GCC_OPTIMIZATION_LEVEL = 0;
				GCC_PREPROCESSOR_DEFINITIONS = (
					"DEBUG=1",
					"$(inherited)",
				);
				GCC_WARN_64_TO_32_BIT_CONVERSION = YES;
				GCC_WARN_ABOUT_RETURN_TYPE = YES_ERROR;
				GCC_WARN_UNDECLARED_SELECTOR = YES;
				GCC_WARN_UNINITIALIZED_AUTOS = YES_AGGRESSIVE;
				GCC_WARN_UNUSED_FUNCTION = YES;
				GCC_WARN_UNUSED_VARIABLE = YES;
				IPHONEOS_DEPLOYMENT_TARGET = 16.0;
				MACOSX_DEPLOYMENT_TARGET = 13.2.1;
				MTL_ENABLE_DEBUG_INFO = INCLUDE_SOURCE;
				MTL_FAST_MATH = YES;
				ONLY_ACTIVE_ARCH = YES;
				SDKROOT = macosx;
				SWIFT_ACTIVE_COMPILATION_CONDITIONS = DEBUG;
				SWIFT_OPTIMIZATION_LEVEL = "-Onone";
				TVOS_DEPLOYMENT_TARGET = 16.0;
			};
			name = Debug;
		};
		FA7780B829AEFA49005092B1 /* Release */ = {
			isa = XCBuildConfiguration;
			buildSettings = {
				ALWAYS_SEARCH_USER_PATHS = NO;
				CLANG_ANALYZER_NONNULL = YES;
				CLANG_ANALYZER_NUMBER_OBJECT_CONVERSION = YES_AGGRESSIVE;
				CLANG_CXX_LANGUAGE_STANDARD = "gnu++20";
				CLANG_ENABLE_MODULES = YES;
				CLANG_ENABLE_OBJC_ARC = YES;
				CLANG_ENABLE_OBJC_WEAK = YES;
				CLANG_WARN_BLOCK_CAPTURE_AUTORELEASING = YES;
				CLANG_WARN_BOOL_CONVERSION = YES;
				CLANG_WARN_COMMA = YES;
				CLANG_WARN_CONSTANT_CONVERSION = YES;
				CLANG_WARN_DEPRECATED_OBJC_IMPLEMENTATIONS = YES;
				CLANG_WARN_DIRECT_OBJC_ISA_USAGE = YES_ERROR;
				CLANG_WARN_DOCUMENTATION_COMMENTS = YES;
				CLANG_WARN_EMPTY_BODY = YES;
				CLANG_WARN_ENUM_CONVERSION = YES;
				CLANG_WARN_INFINITE_RECURSION = YES;
				CLANG_WARN_INT_CONVERSION = YES;
				CLANG_WARN_NON_LITERAL_NULL_CONVERSION = YES;
				CLANG_WARN_OBJC_IMPLICIT_RETAIN_SELF = YES;
				CLANG_WARN_OBJC_LITERAL_CONVERSION = YES;
				CLANG_WARN_OBJC_ROOT_CLASS = YES_ERROR;
				CLANG_WARN_QUOTED_INCLUDE_IN_FRAMEWORK_HEADER = YES;
				CLANG_WARN_RANGE_LOOP_ANALYSIS = YES;
				CLANG_WARN_STRICT_PROTOTYPES = YES;
				CLANG_WARN_SUSPICIOUS_MOVE = YES;
				CLANG_WARN_UNGUARDED_AVAILABILITY = YES_AGGRESSIVE;
				CLANG_WARN_UNREACHABLE_CODE = YES;
				CLANG_WARN__DUPLICATE_METHOD_MATCH = YES;
				COPY_PHASE_STRIP = NO;
				DEBUG_INFORMATION_FORMAT = "dwarf-with-dsym";
				ENABLE_NS_ASSERTIONS = NO;
				ENABLE_STRICT_OBJC_MSGSEND = YES;
				GCC_C_LANGUAGE_STANDARD = gnu11;
				GCC_NO_COMMON_BLOCKS = YES;
				GCC_WARN_64_TO_32_BIT_CONVERSION = YES;
				GCC_WARN_ABOUT_RETURN_TYPE = YES_ERROR;
				GCC_WARN_UNDECLARED_SELECTOR = YES;
				GCC_WARN_UNINITIALIZED_AUTOS = YES_AGGRESSIVE;
				GCC_WARN_UNUSED_FUNCTION = YES;
				GCC_WARN_UNUSED_VARIABLE = YES;
				IPHONEOS_DEPLOYMENT_TARGET = 16.0;
				MACOSX_DEPLOYMENT_TARGET = 13.0;
				MTL_ENABLE_DEBUG_INFO = NO;
				MTL_FAST_MATH = YES;
				SDKROOT = macosx;
				SWIFT_COMPILATION_MODE = wholemodule;
				SWIFT_OPTIMIZATION_LEVEL = "-O";
				TVOS_DEPLOYMENT_TARGET = 16.0;
			};
			name = Release;
		};
		FA7780BA29AEFA49005092B1 /* Debug */ = {
			isa = XCBuildConfiguration;
			buildSettings = {
				ASSETCATALOG_COMPILER_APPICON_NAME = AppIcon;
				ASSETCATALOG_COMPILER_GLOBAL_ACCENT_COLOR_NAME = AccentColor;
				CODE_SIGN_ENTITLEMENTS = "MetalVoxelGeometryShader-macOS/MetalVoxelGeometryShader.entitlements";
				CODE_SIGN_STYLE = Automatic;
				COMBINE_HIDPI_IMAGES = YES;
				CURRENT_PROJECT_VERSION = 1;
				DEVELOPMENT_TEAM = UQQE2H6P34;
				ENABLE_HARDENED_RUNTIME = YES;
				GENERATE_INFOPLIST_FILE = YES;
				INFOPLIST_KEY_NSHumanReadableCopyright = "";
				INFOPLIST_KEY_NSMainStoryboardFile = Main;
				INFOPLIST_KEY_NSPrincipalClass = NSApplication;
				LD_RUNPATH_SEARCH_PATHS = (
					"$(inherited)",
					"@executable_path/../Frameworks",
				);
				MARKETING_VERSION = 1.0;
				PRODUCT_BUNDLE_IDENTIFIER = "com.slippyd.$(PRODUCT_NAME)";
				PRODUCT_NAME = MetalVoxelGeometryShader;
				SWIFT_EMIT_LOC_STRINGS = YES;
				SWIFT_OBJC_BRIDGING_HEADER = MetalVoxelGeometryShader/ShaderTypes.h;
				SWIFT_VERSION = 5.0;
			};
			name = Debug;
		};
		FA7780BB29AEFA49005092B1 /* Release */ = {
			isa = XCBuildConfiguration;
			buildSettings = {
				ASSETCATALOG_COMPILER_APPICON_NAME = AppIcon;
				ASSETCATALOG_COMPILER_GLOBAL_ACCENT_COLOR_NAME = AccentColor;
				CODE_SIGN_ENTITLEMENTS = "MetalVoxelGeometryShader-macOS/MetalVoxelGeometryShader.entitlements";
				CODE_SIGN_STYLE = Automatic;
				COMBINE_HIDPI_IMAGES = YES;
				CURRENT_PROJECT_VERSION = 1;
				DEVELOPMENT_TEAM = UQQE2H6P34;
				ENABLE_HARDENED_RUNTIME = YES;
				GENERATE_INFOPLIST_FILE = YES;
				INFOPLIST_KEY_NSHumanReadableCopyright = "";
				INFOPLIST_KEY_NSMainStoryboardFile = Main;
				INFOPLIST_KEY_NSPrincipalClass = NSApplication;
				LD_RUNPATH_SEARCH_PATHS = (
					"$(inherited)",
					"@executable_path/../Frameworks",
				);
				MARKETING_VERSION = 1.0;
				PRODUCT_BUNDLE_IDENTIFIER = "com.slippyd.$(PRODUCT_NAME)";
				PRODUCT_NAME = MetalVoxelGeometryShader;
				SWIFT_EMIT_LOC_STRINGS = YES;
				SWIFT_OBJC_BRIDGING_HEADER = MetalVoxelGeometryShader/ShaderTypes.h;
				SWIFT_VERSION = 5.0;
			};
			name = Release;
		};
		FAA6CEE529D67C4B00EECC6C /* Debug */ = {
			isa = XCBuildConfiguration;
			buildSettings = {
				ASSETCATALOG_COMPILER_APPICON_NAME = AppIcon;
				ASSETCATALOG_COMPILER_GLOBAL_ACCENT_COLOR_NAME = AccentColor;
				CODE_SIGN_STYLE = Automatic;
				CURRENT_PROJECT_VERSION = 1;
				DEVELOPMENT_TEAM = UQQE2H6P34;
				GENERATE_INFOPLIST_FILE = YES;
				INFOPLIST_KEY_UIApplicationSupportsIndirectInputEvents = YES;
				INFOPLIST_KEY_UILaunchStoryboardName = LaunchScreen;
				INFOPLIST_KEY_UIMainStoryboardFile = Main;
				INFOPLIST_KEY_UIRequiredDeviceCapabilities = metal;
				INFOPLIST_KEY_UIStatusBarHidden = YES;
				INFOPLIST_KEY_UISupportedInterfaceOrientations_iPad = "UIInterfaceOrientationPortrait UIInterfaceOrientationPortraitUpsideDown UIInterfaceOrientationLandscapeLeft UIInterfaceOrientationLandscapeRight";
				INFOPLIST_KEY_UISupportedInterfaceOrientations_iPhone = "UIInterfaceOrientationPortrait UIInterfaceOrientationLandscapeLeft UIInterfaceOrientationLandscapeRight";
				IPHONEOS_DEPLOYMENT_TARGET = 16.2;
				LD_RUNPATH_SEARCH_PATHS = (
					"$(inherited)",
					"@executable_path/Frameworks",
				);
				MARKETING_VERSION = 1.0;
				PRODUCT_BUNDLE_IDENTIFIER = "com.slippyd.$(PRODUCT_NAME)";
				PRODUCT_NAME = MetalVoxelGeometryShader;
				SDKROOT = iphoneos;
				SWIFT_EMIT_LOC_STRINGS = YES;
				SWIFT_OBJC_BRIDGING_HEADER = MetalVoxelGeometryShader/ShaderTypes.h;
				SWIFT_VERSION = 5.0;
				TARGETED_DEVICE_FAMILY = "1,2";
			};
			name = Debug;
		};
		FAA6CEE629D67C4B00EECC6C /* Release */ = {
			isa = XCBuildConfiguration;
			buildSettings = {
				ASSETCATALOG_COMPILER_APPICON_NAME = AppIcon;
				ASSETCATALOG_COMPILER_GLOBAL_ACCENT_COLOR_NAME = AccentColor;
				CODE_SIGN_STYLE = Automatic;
				CURRENT_PROJECT_VERSION = 1;
				DEVELOPMENT_TEAM = UQQE2H6P34;
				GENERATE_INFOPLIST_FILE = YES;
				INFOPLIST_KEY_UIApplicationSupportsIndirectInputEvents = YES;
				INFOPLIST_KEY_UILaunchStoryboardName = LaunchScreen;
				INFOPLIST_KEY_UIMainStoryboardFile = Main;
				INFOPLIST_KEY_UIRequiredDeviceCapabilities = metal;
				INFOPLIST_KEY_UIStatusBarHidden = YES;
				INFOPLIST_KEY_UISupportedInterfaceOrientations_iPad = "UIInterfaceOrientationPortrait UIInterfaceOrientationPortraitUpsideDown UIInterfaceOrientationLandscapeLeft UIInterfaceOrientationLandscapeRight";
				INFOPLIST_KEY_UISupportedInterfaceOrientations_iPhone = "UIInterfaceOrientationPortrait UIInterfaceOrientationLandscapeLeft UIInterfaceOrientationLandscapeRight";
				IPHONEOS_DEPLOYMENT_TARGET = 16.2;
				LD_RUNPATH_SEARCH_PATHS = (
					"$(inherited)",
					"@executable_path/Frameworks",
				);
				MARKETING_VERSION = 1.0;
				PRODUCT_BUNDLE_IDENTIFIER = "com.slippyd.$(PRODUCT_NAME)";
				PRODUCT_NAME = MetalVoxelGeometryShader;
				SDKROOT = iphoneos;
				SWIFT_EMIT_LOC_STRINGS = YES;
				SWIFT_OBJC_BRIDGING_HEADER = MetalVoxelGeometryShader/ShaderTypes.h;
				SWIFT_VERSION = 5.0;
				TARGETED_DEVICE_FAMILY = "1,2";
				VALIDATE_PRODUCT = YES;
			};
			name = Release;
		};
/* End XCBuildConfiguration section */

/* Begin XCConfigurationList section */
		FA7780A029AEFA45005092B1 /* Build configuration list for PBXProject "MetalVoxelGeometryShader" */ = {
			isa = XCConfigurationList;
			buildConfigurations = (
				FA7780B729AEFA49005092B1 /* Debug */,
				FA7780B829AEFA49005092B1 /* Release */,
			);
			defaultConfigurationIsVisible = 0;
			defaultConfigurationName = Release;
		};
		FA7780B929AEFA49005092B1 /* Build configuration list for PBXNativeTarget "MetalVoxelGeometryShader (macOS)" */ = {
			isa = XCConfigurationList;
			buildConfigurations = (
				FA7780BA29AEFA49005092B1 /* Debug */,
				FA7780BB29AEFA49005092B1 /* Release */,
			);
			defaultConfigurationIsVisible = 0;
			defaultConfigurationName = Release;
		};
		FAA6CEE429D67C4B00EECC6C /* Build configuration list for PBXNativeTarget "MetalVoxelGeometryShader (iOS)" */ = {
			isa = XCConfigurationList;
			buildConfigurations = (
				FAA6CEE529D67C4B00EECC6C /* Debug */,
				FAA6CEE629D67C4B00EECC6C /* Release */,
			);
			defaultConfigurationIsVisible = 0;
			defaultConfigurationName = Release;
		};
/* End XCConfigurationList section */

/* Begin XCRemoteSwiftPackageReference section */
		FA3C8DBA29B3120D0097A95D /* XCRemoteSwiftPackageReference "With" */ = {
			isa = XCRemoteSwiftPackageReference;
			repositoryURL = "https://github.com/capnslipp/With";
			requirement = {
				branch = master;
				kind = branch;
			};
		};
/* End XCRemoteSwiftPackageReference section */

/* Begin XCSwiftPackageProductDependency section */
		FA3C8DBB29B3120D0097A95D /* With */ = {
			isa = XCSwiftPackageProductDependency;
			package = FA3C8DBA29B3120D0097A95D /* XCRemoteSwiftPackageReference "With" */;
			productName = With;
		};
		FAA6CEF329D67EDF00EECC6C /* With */ = {
			isa = XCSwiftPackageProductDependency;
			package = FA3C8DBA29B3120D0097A95D /* XCRemoteSwiftPackageReference "With" */;
			productName = With;
		};
/* End XCSwiftPackageProductDependency section */
	};
	rootObject = FA77809D29AEFA45005092B1 /* Project object */;
}
